version = 1
revision = 2
requires-python = ">=3.12"

[[package]]
name = "asgiref"
version = "3.9.1"
source = { registry = "https://pypi.org/simple" }
sdist = { url = "https://files.pythonhosted.org/packages/90/61/0aa957eec22ff70b830b22ff91f825e70e1ef732c06666a805730f28b36b/asgiref-3.9.1.tar.gz", hash = "sha256:a5ab6582236218e5ef1648f242fd9f10626cfd4de8dc377db215d5d5098e3142", size = 36870, upload_time = "2025-07-08T09:07:43.344Z" }
wheels = [
    { url = "https://files.pythonhosted.org/packages/7c/3c/0464dcada90d5da0e71018c04a140ad6349558afb30b3051b4264cc5b965/asgiref-3.9.1-py3-none-any.whl", hash = "sha256:f3bba7092a48005b5f5bacd747d36ee4a5a61f4a269a6df590b43144355ebd2c", size = 23790, upload_time = "2025-07-08T09:07:41.548Z" },
]

[[package]]
name = "build"
version = "1.2.2.post1"
source = { registry = "https://pypi.org/simple" }
dependencies = [
    { name = "colorama", marker = "os_name == 'nt'" },
    { name = "packaging" },
    { name = "pyproject-hooks" },
]
sdist = { url = "https://files.pythonhosted.org/packages/7d/46/aeab111f8e06793e4f0e421fcad593d547fb8313b50990f31681ee2fb1ad/build-1.2.2.post1.tar.gz", hash = "sha256:b36993e92ca9375a219c99e606a122ff365a760a2d4bba0caa09bd5278b608b7", size = 46701, upload_time = "2024-10-06T17:22:25.251Z" }
wheels = [
    { url = "https://files.pythonhosted.org/packages/84/c2/80633736cd183ee4a62107413def345f7e6e3c01563dbca1417363cf957e/build-1.2.2.post1-py3-none-any.whl", hash = "sha256:1d61c0887fa860c01971625baae8bdd338e517b836a2f70dd1f7aa3a6b2fc5b5", size = 22950, upload_time = "2024-10-06T17:22:23.299Z" },
]

[[package]]
name = "colorama"
version = "0.4.6"
source = { registry = "https://pypi.org/simple" }
sdist = { url = "https://files.pythonhosted.org/packages/d8/53/6f443c9a4a8358a93a6792e2acffb9d9d5cb0a5cfd8802644b7b1c9a02e4/colorama-0.4.6.tar.gz", hash = "sha256:08695f5cb7ed6e0531a20572697297273c47b8cae5a63ffc6d6ed5c201be6e44", size = 27697, upload_time = "2022-10-25T02:36:22.414Z" }
wheels = [
    { url = "https://files.pythonhosted.org/packages/d1/d6/3965ed04c63042e047cb6a3e6ed1a63a35087b6a609aa3a15ed8ac56c221/colorama-0.4.6-py2.py3-none-any.whl", hash = "sha256:4f1d9991f5acc0ca119f9d443620b77f9d6b33703e51011c16baf57afb285fc6", size = 25335, upload_time = "2022-10-25T02:36:20.889Z" },
]

[[package]]
name = "inbox"
version = "0.1.0"
source = { editable = "." }
dependencies = [
    { name = "asgiref" },
    { name = "inotify" },
    { name = "notify-py" },
]

[package.metadata]
requires-dist = [
    { name = "asgiref", specifier = ">=3.9.1" },
    { name = "inotify", specifier = ">=0.2.12" },
    { name = "notify-py", specifier = ">=0.3.43" },
]

[[package]]
name = "inotify"
version = "0.2.12"
source = { registry = "https://pypi.org/simple" }
dependencies = [
    { name = "build" },
]
sdist = { url = "https://files.pythonhosted.org/packages/f7/e1/9eb0047d6808ab1bb8930ac4d508f663fd94cfaea4bc905f62c199b64872/inotify-0.2.12.tar.gz", hash = "sha256:9aee407f92c7d51a2ce50f3b78291a9094e334e34bd68e82bf60020795fa2c94", size = 21818, upload_time = "2025-07-07T07:09:08.799Z" }
wheels = [
    { url = "https://files.pythonhosted.org/packages/c5/b9/7c83fb4b6245eb2e4a2927a512356ec015d13f105c326497dc62f4b22033/inotify-0.2.12-py2.py3-none-any.whl", hash = "sha256:e4f1c8ec7ba5ec2a1a7fce48c0c917234af9d756495ebae7ffa00e41a305ab90", size = 20405, upload_time = "2025-07-07T07:09:07.591Z" },
]

[[package]]
name = "jeepney"
version = "0.9.0"
source = { registry = "https://pypi.org/simple" }
sdist = { url = "https://files.pythonhosted.org/packages/7b/6f/357efd7602486741aa73ffc0617fb310a29b588ed0fd69c2399acbb85b0c/jeepney-0.9.0.tar.gz", hash = "sha256:cf0e9e845622b81e4a28df94c40345400256ec608d0e55bb8a3feaa9163f5732", size = 106758, upload_time = "2025-02-27T18:51:01.684Z" }
wheels = [
    { url = "https://files.pythonhosted.org/packages/b2/a3/e137168c9c44d18eff0376253da9f1e9234d0239e0ee230d2fee6cea8e55/jeepney-0.9.0-py3-none-any.whl", hash = "sha256:97e5714520c16fc0a45695e5365a2e11b81ea79bba796e26f9f1d178cb182683", size = 49010, upload_time = "2025-02-27T18:51:00.104Z" },
]

[[package]]
name = "loguru"
version = "0.6.0"
source = { registry = "https://pypi.org/simple" }
dependencies = [
    { name = "colorama", marker = "sys_platform == 'win32'" },
    { name = "win32-setctime", marker = "sys_platform == 'win32'" },
]
sdist = { url = "https://files.pythonhosted.org/packages/75/1f/d3818863e4be96bd641c4643c535a98f0fa2a12efa7c8ba35f763fa778ee/loguru-0.6.0.tar.gz", hash = "sha256:066bd06758d0a513e9836fd9c6b5a75bfb3fd36841f4b996bc60b547a309d41c", size = 123158, upload_time = "2022-01-29T13:47:31.879Z" }
wheels = [
    { url = "https://files.pythonhosted.org/packages/fe/21/e1d1da2586865a159fc73b611f36bdd50b6c4043cb6132d3d5e972988028/loguru-0.6.0-py3-none-any.whl", hash = "sha256:4e2414d534a2ab57573365b3e6d0234dfb1d84b68b7f3b948e6fb743860a77c3", size = 58317, upload_time = "2022-01-29T13:47:29.921Z" },
]

[[package]]
name = "notify-py"
version = "0.3.43"
source = { registry = "https://pypi.org/simple" }
dependencies = [
    { name = "jeepney", marker = "sys_platform == 'linux'" },
    { name = "loguru" },
]
sdist = { url = "https://files.pythonhosted.org/packages/06/2b/fc68aeed5108185922c5469484e15c192dff01d61eddfab0c1c256e4f54c/notify_py-0.3.43.tar.gz", hash = "sha256:16ee146d48f16bae5dad233db66014a387efd2c6ed2c4caf1e08aef432070513", size = 648145, upload_time = "2024-06-05T14:40:38.487Z" }
wheels = [
    { url = "https://files.pythonhosted.org/packages/87/b4/649f16520ed0a64c275861dcaf9c1291d079f742aa2bf9102fdd168e4197/notify_py-0.3.43-py3-none-any.whl", hash = "sha256:90da686b480bf05d033b21fb5118662bb7a4c68e68cb21d93a048ca7b867f9b4", size = 649803, upload_time = "2024-06-05T14:40:36.733Z" },
]

[[package]]
name = "packaging"
version = "25.0"
source = { registry = "https://pypi.org/simple" }
sdist = { url = "https://files.pythonhosted.org/packages/a1/d4/1fc4078c65507b51b96ca8f8c3ba19e6a61c8253c72794544580a7b6c24d/packaging-25.0.tar.gz", hash = "sha256:d443872c98d677bf60f6a1f2f8c1cb748e8fe762d2bf9d3148b5599295b0fc4f", size = 165727, upload_time = "2025-04-19T11:48:59.673Z" }
wheels = [
    { url = "https://files.pythonhosted.org/packages/20/12/38679034af332785aac8774540895e234f4d07f7545804097de4b666afd8/packaging-25.0-py3-none-any.whl", hash = "sha256:29572ef2b1f17581046b3a2227d5c611fb25ec70ca1ba8554b24b0e69331a484", size = 66469, upload_time = "2025-04-19T11:48:57.875Z" },
]

[[package]]
name = "pyproject-hooks"
version = "1.2.0"
source = { registry = "https://pypi.org/simple" }
sdist = { url = "https://files.pythonhosted.org/packages/e7/82/28175b2414effca1cdac8dc99f76d660e7a4fb0ceefa4b4ab8f5f6742925/pyproject_hooks-1.2.0.tar.gz", hash = "sha256:1e859bd5c40fae9448642dd871adf459e5e2084186e8d2c2a79a824c970da1f8", size = 19228, upload_time = "2024-09-29T09:24:13.293Z" }
wheels = [
    { url = "https://files.pythonhosted.org/packages/bd/24/12818598c362d7f300f18e74db45963dbcb85150324092410c8b49405e42/pyproject_hooks-1.2.0-py3-none-any.whl", hash = "sha256:9e5c6bfa8dcc30091c74b0cf803c81fdd29d94f01992a7707bc97babb1141913", size = 10216, upload_time = "2024-09-29T09:24:11.978Z" },
]

[[package]]
name = "win32-setctime"
version = "1.2.0"
source = { registry = "https://pypi.org/simple" }
sdist = { url = "https://files.pythonhosted.org/packages/b3/8f/705086c9d734d3b663af0e9bb3d4de6578d08f46b1b101c2442fd9aecaa2/win32_setctime-1.2.0.tar.gz", hash = "sha256:ae1fdf948f5640aae05c511ade119313fb6a30d7eabe25fef9764dca5873c4c0", size = 4867, upload_time = "2024-12-07T15:28:28.314Z" }
wheels = [
    { url = "https://files.pythonhosted.org/packages/e1/07/c6fe3ad3e685340704d314d765b7912993bcb8dc198f0e7a89382d37974b/win32_setctime-1.2.0-py3-none-any.whl", hash = "sha256:95d644c4e708aba81dc3704a116d8cbc974d70b3bdb8be1d150e36be6e9d1390", size = 4083, upload_time = "2024-12-07T15:28:26.465Z" },
]
